{
    "_meta": {
        "hash": {
            "sha256": "24d978e3f8cdc8e44a4fe29e336e72b8349ef6e12704eb7933bf4250103b27b4"
        },
        "pipfile-spec": 6,
        "requires": {
            "python_version": "3.10"
        },
        "sources": [
            {
                "name": "pypi",
                "url": "https://pypi.org/simple",
                "verify_ssl": true
            }
        ]
    },
    "default": {
        "lxml": {
            "hashes": [
                "sha256:13521a321a25c641b9ea127ef478b580b5ec82aa2e9fc076c86169d161798b01",
                "sha256:14deca1460b4b0f6b01f1ddc9557704e8b365f55c63070463f6c18619ebf964f",
                "sha256:16018f7099245157564d7148165132c70adb272fb5a17c048ba70d9cc542a1a1",
                "sha256:16dd953fb719f0ffc5bc067428fc9e88f599e15723a85618c45847c96f11f431",
                "sha256:19a1bc898ae9f06bccb7c3e1dfd73897ecbbd2c96afe9095a6026016e5ca97b8",
                "sha256:1ad17c20e3666c035db502c78b86e58ff6b5991906e55bdbef94977700c72623",
                "sha256:22b7ee4c35f374e2c20337a95502057964d7e35b996b1c667b5c65c567d2252a",
                "sha256:24ef5a4631c0b6cceaf2dbca21687e29725b7c4e171f33a8f8ce23c12558ded1",
                "sha256:25663d6e99659544ee8fe1b89b1a8c0aaa5e34b103fab124b17fa958c4a324a6",
                "sha256:262bc5f512a66b527d026518507e78c2f9c2bd9eb5c8aeeb9f0eb43fcb69dc67",
                "sha256:280f3edf15c2a967d923bcfb1f8f15337ad36f93525828b40a0f9d6c2ad24890",
                "sha256:2ad3a8ce9e8a767131061a22cd28fdffa3cd2dc193f399ff7b81777f3520e372",
                "sha256:2befa20a13f1a75c751f47e00929fb3433d67eb9923c2c0b364de449121f447c",
                "sha256:2f37c6d7106a9d6f0708d4e164b707037b7380fcd0b04c5bd9cae1fb46a856fb",
                "sha256:304128394c9c22b6569eba2a6d98392b56fbdfbad58f83ea702530be80d0f9df",
                "sha256:342e95bddec3a698ac24378d61996b3ee5ba9acfeb253986002ac53c9a5f6f84",
                "sha256:3aeca824b38ca78d9ee2ab82bd9883083d0492d9d17df065ba3b94e88e4d7ee6",
                "sha256:3d184e0d5c918cff04cdde9dbdf9600e960161d773666958c9d7b565ccc60c45",
                "sha256:3e3898ae2b58eeafedfe99e542a17859017d72d7f6a63de0f04f99c2cb125936",
                "sha256:3eea6ed6e6c918e468e693c41ef07f3c3acc310b70ddd9cc72d9ef84bc9564ca",
                "sha256:3f14a4fb1c1c402a22e6a341a24c1341b4a3def81b41cd354386dcb795f83897",
                "sha256:436a943c2900bb98123b06437cdd30580a61340fbdb7b28aaf345a459c19046a",
                "sha256:4946e7f59b7b6a9e27bef34422f645e9a368cb2be11bf1ef3cafc39a1f6ba68d",
                "sha256:49a9b4af45e8b925e1cd6f3b15bbba2c81e7dba6dce170c677c9cda547411e14",
                "sha256:4f8b0c78e7aac24979ef09b7f50da871c2de2def043d468c4b41f512d831e912",
                "sha256:52427a7eadc98f9e62cb1368a5079ae826f94f05755d2d567d93ee1bc3ceb354",
                "sha256:5e53d7e6a98b64fe54775d23a7c669763451340c3d44ad5e3a3b48a1efbdc96f",
                "sha256:5fcfbebdb0c5d8d18b84118842f31965d59ee3e66996ac842e21f957eb76138c",
                "sha256:601f4a75797d7a770daed8b42b97cd1bb1ba18bd51a9382077a6a247a12aa38d",
                "sha256:61c5a7edbd7c695e54fca029ceb351fc45cd8860119a0f83e48be44e1c464862",
                "sha256:6a2a2c724d97c1eb8cf966b16ca2915566a4904b9aad2ed9a09c748ffe14f969",
                "sha256:6d48fc57e7c1e3df57be5ae8614bab6d4e7b60f65c5457915c26892c41afc59e",
                "sha256:6f11b77ec0979f7e4dc5ae081325a2946f1fe424148d3945f943ceaede98adb8",
                "sha256:704f5572ff473a5f897745abebc6df40f22d4133c1e0a1f124e4f2bd3330ff7e",
                "sha256:725e171e0b99a66ec8605ac77fa12239dbe061482ac854d25720e2294652eeaa",
                "sha256:7cfced4a069003d8913408e10ca8ed092c49a7f6cefee9bb74b6b3e860683b45",
                "sha256:7ec465e6549ed97e9f1e5ed51c657c9ede767bc1c11552f7f4d022c4df4a977a",
                "sha256:82bddf0e72cb2af3cbba7cec1d2fd11fda0de6be8f4492223d4a268713ef2147",
                "sha256:82cd34f1081ae4ea2ede3d52f71b7be313756e99b4b5f829f89b12da552d3aa3",
                "sha256:843b9c835580d52828d8f69ea4302537337a21e6b4f1ec711a52241ba4a824f3",
                "sha256:877efb968c3d7eb2dad540b6cabf2f1d3c0fbf4b2d309a3c141f79c7e0061324",
                "sha256:8b9f19df998761babaa7f09e6bc169294eefafd6149aaa272081cbddc7ba4ca3",
                "sha256:8cf5877f7ed384dabfdcc37922c3191bf27e55b498fecece9fd5c2c7aaa34c33",
                "sha256:8d2900b7f5318bc7ad8631d3d40190b95ef2aa8cc59473b73b294e4a55e9f30f",
                "sha256:8d7b4beebb178e9183138f552238f7e6613162a42164233e2bda00cb3afac58f",
                "sha256:8f52fe6859b9db71ee609b0c0a70fea5f1e71c3462ecf144ca800d3f434f0764",
                "sha256:98f3f020a2b736566c707c8e034945c02aa94e124c24f77ca097c446f81b01f1",
                "sha256:9aa543980ab1fbf1720969af1d99095a548ea42e00361e727c58a40832439114",
                "sha256:9b99f564659cfa704a2dd82d0684207b1aadf7d02d33e54845f9fc78e06b7581",
                "sha256:9bcf86dfc8ff3e992fed847c077bd875d9e0ba2fa25d859c3a0f0f76f07f0c8d",
                "sha256:9bd0ae7cc2b85320abd5e0abad5ccee5564ed5f0cc90245d2f9a8ef330a8deae",
                "sha256:9d3c0f8567ffe7502d969c2c1b809892dc793b5d0665f602aad19895f8d508da",
                "sha256:9e5ac3437746189a9b4121db2a7b86056ac8786b12e88838696899328fc44bb2",
                "sha256:a36c506e5f8aeb40680491d39ed94670487ce6614b9d27cabe45d94cd5d63e1e",
                "sha256:a5ab722ae5a873d8dcee1f5f45ddd93c34210aed44ff2dc643b5025981908cda",
                "sha256:a96f02ba1bcd330807fc060ed91d1f7a20853da6dd449e5da4b09bfcc08fdcf5",
                "sha256:acb6b2f96f60f70e7f34efe0c3ea34ca63f19ca63ce90019c6cbca6b676e81fa",
                "sha256:ae15347a88cf8af0949a9872b57a320d2605ae069bcdf047677318bc0bba45b1",
                "sha256:af8920ce4a55ff41167ddbc20077f5698c2e710ad3353d32a07d3264f3a2021e",
                "sha256:afd825e30f8d1f521713a5669b63657bcfe5980a916c95855060048b88e1adb7",
                "sha256:b21b4031b53d25b0858d4e124f2f9131ffc1530431c6d1321805c90da78388d1",
                "sha256:b4b68c961b5cc402cbd99cca5eb2547e46ce77260eb705f4d117fd9c3f932b95",
                "sha256:b66aa6357b265670bb574f050ffceefb98549c721cf28351b748be1ef9577d93",
                "sha256:b9e240ae0ba96477682aa87899d94ddec1cc7926f9df29b1dd57b39e797d5ab5",
                "sha256:bc64d1b1dab08f679fb89c368f4c05693f58a9faf744c4d390d7ed1d8223869b",
                "sha256:bf8443781533b8d37b295016a4b53c1494fa9a03573c09ca5104550c138d5c05",
                "sha256:c26aab6ea9c54d3bed716b8851c8bfc40cb249b8e9880e250d1eddde9f709bf5",
                "sha256:c3cd1fc1dc7c376c54440aeaaa0dcc803d2126732ff5c6b68ccd619f2e64be4f",
                "sha256:c7257171bb8d4432fe9d6fdde4d55fdbe663a63636a17f7f9aaba9bcb3153ad7",
                "sha256:d42e3a3fc18acc88b838efded0e6ec3edf3e328a58c68fbd36a7263a874906c8",
                "sha256:d74fcaf87132ffc0447b3c685a9f862ffb5b43e70ea6beec2fb8057d5d2a1fea",
                "sha256:d8c1d679df4361408b628f42b26a5d62bd3e9ba7f0c0e7969f925021554755aa",
                "sha256:e856c1c7255c739434489ec9c8aa9cdf5179785d10ff20add308b5d673bed5cd",
                "sha256:eac68f96539b32fce2c9b47eb7c25bb2582bdaf1bbb360d25f564ee9e04c542b",
                "sha256:ed7326563024b6e91fef6b6c7a1a2ff0a71b97793ac33dbbcf38f6005e51ff6e",
                "sha256:ed8c3d2cd329bf779b7ed38db176738f3f8be637bb395ce9629fc76f78afe3d4",
                "sha256:f4c9bda132ad108b387c33fabfea47866af87f4ea6ffb79418004f0521e63204",
                "sha256:f643ffd2669ffd4b5a3e9b41c909b72b2a1d5e4915da90a77e119b8d48ce867a"
            ],
            "markers": "python_version >= '3.6'",
            "version": "==5.1.0"
        },
        "python-docx": {
            "hashes": [
                "sha256:5829b722141cf1ab79aedf0c34d9fe9924b29764584c0f2164eb2b02dcdf17c9",
                "sha256:bac9773278098a1ddc43a52d84e22f5909c4a3080a624530b3ecb3771b07c6cd"
            ],
            "index": "pypi",
            "version": "==1.1.0"
        },
        "typing-extensions": {
            "hashes": [
                "sha256:23478f88c37f27d76ac8aee6c905017a143b0b1b886c3c9f66bc2fd94f9f5783",
                "sha256:af72aea155e91adfc61c3ae9e0e342dbc0cba726d6cba4b6c72c1f34e47291cd"
            ],
            "markers": "python_version >= '3.8'",
            "version": "==4.9.0"
        }
    },
    "develop": {
        "black": {
            "hashes": [
                "sha256:0808494f2b2df923ffc5723ed3c7b096bd76341f6213989759287611e9837d50",
                "sha256:1fa88a0f74e50e4487477bc0bb900c6781dbddfdfa32691e780bf854c3b4a47f",
                "sha256:25e57fd232a6d6ff3f4478a6fd0580838e47c93c83eaf1ccc92d4faf27112c4e",
                "sha256:2d9e13db441c509a3763a7a3d9a49ccc1b4e974a47be4e08ade2a228876500ec",
                "sha256:3e1b38b3135fd4c025c28c55ddfc236b05af657828a8a6abe5deec419a0b7055",
                "sha256:3fa4be75ef2a6b96ea8d92b1587dd8cb3a35c7e3d51f0738ced0781c3aa3a5a3",
                "sha256:4ce3ef14ebe8d9509188014d96af1c456a910d5b5cbf434a09fef7e024b3d0d5",
                "sha256:4f0031eaa7b921db76decd73636ef3a12c942ed367d8c3841a0739412b260a54",
                "sha256:602cfb1196dc692424c70b6507593a2b29aac0547c1be9a1d1365f0d964c353b",
                "sha256:6d1bd9c210f8b109b1762ec9fd36592fdd528485aadb3f5849b2740ef17e674e",
                "sha256:78baad24af0f033958cad29731e27363183e140962595def56423e626f4bee3e",
                "sha256:8d4df77958a622f9b5a4c96edb4b8c0034f8434032ab11077ec6c56ae9f384ba",
                "sha256:97e56155c6b737854e60a9ab1c598ff2533d57e7506d97af5481141671abf3ea",
                "sha256:9c4352800f14be5b4864016882cdba10755bd50805c95f728011bcb47a4afd59",
                "sha256:a4d6a9668e45ad99d2f8ec70d5c8c04ef4f32f648ef39048d010b0689832ec6d",
                "sha256:a920b569dc6b3472513ba6ddea21f440d4b4c699494d2e972a1753cdc25df7b0",
                "sha256:ae76c22bde5cbb6bfd211ec343ded2163bba7883c7bc77f6b756a1049436fbb9",
                "sha256:b18fb2ae6c4bb63eebe5be6bd869ba2f14fd0259bda7d18a46b764d8fb86298a",
                "sha256:c04b6d9d20e9c13f43eee8ea87d44156b8505ca8a3c878773f68b4e4812a421e",
                "sha256:c88b3711d12905b74206227109272673edce0cb29f27e1385f33b0163c414bba",
                "sha256:dd15245c8b68fe2b6bd0f32c1556509d11bb33aec9b5d0866dd8e2ed3dba09c2",
                "sha256:e0aaf6041986767a5e0ce663c7a2f0e9eaf21e6ff87a5f95cbf3675bfd4c41d2"
            ],
            "index": "pypi",
            "version": "==23.12.1"
        },
        "click": {
            "hashes": [
                "sha256:ae74fb96c20a0277a1d615f1e4d73c8414f5a98db8b799a7931d1582f3390c28",
                "sha256:ca9853ad459e787e2192211578cc907e7594e294c7ccc834310722b41b9ca6de"
            ],
            "markers": "python_version >= '3.7'",
            "version": "==8.1.7"
        },
        "colorama": {
            "hashes": [
                "sha256:08695f5cb7ed6e0531a20572697297273c47b8cae5a63ffc6d6ed5c201be6e44",
                "sha256:4f1d9991f5acc0ca119f9d443620b77f9d6b33703e51011c16baf57afb285fc6"
            ],
            "markers": "platform_system == 'Windows'",
            "version": "==0.4.6"
        },
        "mypy-extensions": {
            "hashes": [
                "sha256:4392f6c0eb8a5668a69e23d168ffa70f0be9ccfd32b5cc2d26a34ae5b844552d",
                "sha256:75dbf8955dc00442a438fc4d0666508a9a97b6bd41aa2f0ffe9d2f2725af0782"
            ],
            "markers": "python_version >= '3.5'",
            "version": "==1.0.0"
        },
        "packaging": {
            "hashes": [
                "sha256:048fb0e9405036518eaaf48a55953c750c11e1a1b68e0dd1a9d62ed0c092cfc5",
                "sha256:8c491190033a9af7e1d931d0b5dacc2ef47509b34dd0de67ed209b5203fc88c7"
            ],
            "markers": "python_version >= '3.7'",
            "version": "==23.2"
        },
        "pathspec": {
            "hashes": [
                "sha256:a0d503e138a4c123b27490a4f7beda6a01c6f288df0e4a8b79c7eb0dc7b4cc08",
                "sha256:a482d51503a1ab33b1c67a6c3813a26953dbdc71c31dacaef9a838c4e29f5712"
            ],
            "markers": "python_version >= '3.8'",
            "version": "==0.12.1"
        },
        "platformdirs": {
            "hashes": [
                "sha256:11c8f37bcca40db96d8144522d925583bdb7a31f7b0e37e3ed4318400a8e2380",
                "sha256:906d548203468492d432bcb294d4bc2fff751bf84971fbb2c10918cc206ee420"
            ],
            "markers": "python_version >= '3.8'",
            "version": "==4.1.0"
        },
        "tomli": {
            "hashes": [
                "sha256:939de3e7a6161af0c887ef91b7d41a53e7c5a1ca976325f429cb46ea9bc30ecc",
                "sha256:de526c12914f0c550d15924c62d72abc48d6fe7364aa87328337a31007fe8a4f"
            ],
            "markers": "python_version < '3.11'",
            "version": "==2.0.1"
        },
        "typing-extensions": {
            "hashes": [
                "sha256:23478f88c37f27d76ac8aee6c905017a143b0b1b886c3c9f66bc2fd94f9f5783",
                "sha256:af72aea155e91adfc61c3ae9e0e342dbc0cba726d6cba4b6c72c1f34e47291cd"
            ],
            "markers": "python_version >= '3.8'",
            "version": "==4.9.0"
        }
    }
}
